// !$*UTF8*$!
{
	archiveVersion = 1;
	classes = {
	};
	objectVersion = 46;
	objects = {

/* Begin PBXBuildFile section */
		0618B83B1CA1913800A6AE44 /* AppDelegate.swift in Sources */ = {isa = PBXBuildFile; fileRef = 0618B83A1CA1913800A6AE44 /* AppDelegate.swift */; };
		0618B83D1CA1913800A6AE44 /* ViewController.swift in Sources */ = {isa = PBXBuildFile; fileRef = 0618B83C1CA1913800A6AE44 /* ViewController.swift */; };
		0618B8401CA1913800A6AE44 /* Main.storyboard in Resources */ = {isa = PBXBuildFile; fileRef = 0618B83E1CA1913800A6AE44 /* Main.storyboard */; };
		0618B8421CA1913800A6AE44 /* Assets.xcassets in Resources */ = {isa = PBXBuildFile; fileRef = 0618B8411CA1913800A6AE44 /* Assets.xcassets */; };
		0618B8451CA1913800A6AE44 /* LaunchScreen.storyboard in Resources */ = {isa = PBXBuildFile; fileRef = 0618B8431CA1913800A6AE44 /* LaunchScreen.storyboard */; };
		0618B8501CA1913800A6AE44 /* dolphineTests.swift in Sources */ = {isa = PBXBuildFile; fileRef = 0618B84F1CA1913800A6AE44 /* dolphineTests.swift */; };
		0618B85B1CA1913800A6AE44 /* dolphineUITests.swift in Sources */ = {isa = PBXBuildFile; fileRef = 0618B85A1CA1913800A6AE44 /* dolphineUITests.swift */; };
/* End PBXBuildFile section */

/* Begin PBXContainerItemProxy section */
		0618B84C1CA1913800A6AE44 /* PBXContainerItemProxy */ = {
			isa = PBXContainerItemProxy;
			containerPortal = 0618B82F1CA1913700A6AE44 /* Project object */;
			proxyType = 1;
			remoteGlobalIDString = 0618B8361CA1913700A6AE44;
			remoteInfo = dolphine;
		};
		0618B8571CA1913800A6AE44 /* PBXContainerItemProxy */ = {
			isa = PBXContainerItemProxy;
			containerPortal = 0618B82F1CA1913700A6AE44 /* Project object */;
			proxyType = 1;
			remoteGlobalIDString = 0618B8361CA1913700A6AE44;
			remoteInfo = dolphine;
		};
/* End PBXContainerItemProxy section */

/* Begin PBXFileReference section */
		0618B8371CA1913800A6AE44 /* dolphine.app */ = {isa = PBXFileReference; explicitFileType = wrapper.application; includeInIndex = 0; path = dolphine.app; sourceTree = BUILT_PRODUCTS_DIR; };
		0618B83A1CA1913800A6AE44 /* AppDelegate.swift */ = {isa = PBXFileReference; lastKnownFileType = sourcecode.swift; path = AppDelegate.swift; sourceTree = "<group>"; };
		0618B83C1CA1913800A6AE44 /* ViewController.swift */ = {isa = PBXFileReference; lastKnownFileType = sourcecode.swift; path = ViewController.swift; sourceTree = "<group>"; };
		0618B83F1CA1913800A6AE44 /* Base */ = {isa = PBXFileReference; lastKnownFileType = file.storyboard; name = Base; path = Base.lproj/Main.storyboard; sourceTree = "<group>"; };
		0618B8411CA1913800A6AE44 /* Assets.xcassets */ = {isa = PBXFileReference; lastKnownFileType = folder.assetcatalog; path = Assets.xcassets; sourceTree = "<group>"; };
		0618B8441CA1913800A6AE44 /* Base */ = {isa = PBXFileReference; lastKnownFileType = file.storyboard; name = Base; path = Base.lproj/LaunchScreen.storyboard; sourceTree = "<group>"; };
		0618B8461CA1913800A6AE44 /* Info.plist */ = {isa = PBXFileReference; lastKnownFileType = text.plist.xml; path = Info.plist; sourceTree = "<group>"; };
		0618B84B1CA1913800A6AE44 /* dolphineTests.xctest */ = {isa = PBXFileReference; explicitFileType = wrapper.cfbundle; includeInIndex = 0; path = dolphineTests.xctest; sourceTree = BUILT_PRODUCTS_DIR; };
		0618B84F1CA1913800A6AE44 /* dolphineTests.swift */ = {isa = PBXFileReference; lastKnownFileType = sourcecode.swift; path = dolphineTests.swift; sourceTree = "<group>"; };
		0618B8511CA1913800A6AE44 /* Info.plist */ = {isa = PBXFileReference; lastKnownFileType = text.plist.xml; path = Info.plist; sourceTree = "<group>"; };
		0618B8561CA1913800A6AE44 /* dolphineUITests.xctest */ = {isa = PBXFileReference; explicitFileType = wrapper.cfbundle; includeInIndex = 0; path = dolphineUITests.xctest; sourceTree = BUILT_PRODUCTS_DIR; };
		0618B85A1CA1913800A6AE44 /* dolphineUITests.swift */ = {isa = PBXFileReference; lastKnownFileType = sourcecode.swift; path = dolphineUITests.swift; sourceTree = "<group>"; };
		0618B85C1CA1913800A6AE44 /* Info.plist */ = {isa = PBXFileReference; lastKnownFileType = text.plist.xml; path = Info.plist; sourceTree = "<group>"; };
/* End PBXFileReference section */

/* Begin PBXFrameworksBuildPhase section */
		0618B8341CA1913700A6AE44 /* Frameworks */ = {
			isa = PBXFrameworksBuildPhase;
			buildActionMask = 2147483647;
			files = (
			);
			runOnlyForDeploymentPostprocessing = 0;
		};
		0618B8481CA1913800A6AE44 /* Frameworks */ = {
			isa = PBXFrameworksBuildPhase;
			buildActionMask = 2147483647;
			files = (
			);
			runOnlyForDeploymentPostprocessing = 0;
		};
		0618B8531CA1913800A6AE44 /* Frameworks */ = {
			isa = PBXFrameworksBuildPhase;
			buildActionMask = 2147483647;
			files = (
			);
			runOnlyForDeploymentPostprocessing = 0;
		};
/* End PBXFrameworksBuildPhase section */

/* Begin PBXGroup section */
		0618B82E1CA1913700A6AE44 = {
			isa = PBXGroup;
			children = (
				0618B8391CA1913800A6AE44 /* dolphine */,
				0618B84E1CA1913800A6AE44 /* dolphineTests */,
				0618B8591CA1913800A6AE44 /* dolphineUITests */,
				0618B8381CA1913800A6AE44 /* Products */,
			);
			sourceTree = "<group>";
		};
		0618B8381CA1913800A6AE44 /* Products */ = {
			isa = PBXGroup;
			children = (
				0618B8371CA1913800A6AE44 /* dolphine.app */,
				0618B84B1CA1913800A6AE44 /* dolphineTests.xctest */,
				0618B8561CA1913800A6AE44 /* dolphineUITests.xctest */,
			);
			name = Products;
			sourceTree = "<group>";
		};
		0618B8391CA1913800A6AE44 /* dolphine */ = {
			isa = PBXGroup;
			children = (
				0618B83A1CA1913800A6AE44 /* AppDelegate.swift */,
				0618B83C1CA1913800A6AE44 /* ViewController.swift */,
				0618B83E1CA1913800A6AE44 /* Main.storyboard */,
				0618B8411CA1913800A6AE44 /* Assets.xcassets */,
				0618B8431CA1913800A6AE44 /* LaunchScreen.storyboard */,
				0618B8461CA1913800A6AE44 /* Info.plist */,
			);
			path = dolphine;
			sourceTree = "<group>";
		};
		0618B84E1CA1913800A6AE44 /* dolphineTests */ = {
			isa = PBXGroup;
			children = (
				0618B84F1CA1913800A6AE44 /* dolphineTests.swift */,
				0618B8511CA1913800A6AE44 /* Info.plist */,
			);
			path = dolphineTests;
			sourceTree = "<group>";
		};
		0618B8591CA1913800A6AE44 /* dolphineUITests */ = {
			isa = PBXGroup;
			children = (
				0618B85A1CA1913800A6AE44 /* dolphineUITests.swift */,
				0618B85C1CA1913800A6AE44 /* Info.plist */,
			);
			path = dolphineUITests;
			sourceTree = "<group>";
		};
/* End PBXGroup section */

/* Begin PBXNativeTarget section */
		0618B8361CA1913700A6AE44 /* dolphine */ = {
			isa = PBXNativeTarget;
			buildConfigurationList = 0618B85F1CA1913800A6AE44 /* Build configuration list for PBXNativeTarget "dolphine" */;
			buildPhases = (
				0618B8331CA1913700A6AE44 /* Sources */,
				0618B8341CA1913700A6AE44 /* Frameworks */,
				0618B8351CA1913700A6AE44 /* Resources */,
			);
			buildRules = (
			);
			dependencies = (
			);
			name = dolphine;
			productName = dolphine;
			productReference = 0618B8371CA1913800A6AE44 /* dolphine.app */;
			productType = "com.apple.product-type.application";
		};
		0618B84A1CA1913800A6AE44 /* dolphineTests */ = {
			isa = PBXNativeTarget;
			buildConfigurationList = 0618B8621CA1913800A6AE44 /* Build configuration list for PBXNativeTarget "dolphineTests" */;
			buildPhases = (
				0618B8471CA1913800A6AE44 /* Sources */,
				0618B8481CA1913800A6AE44 /* Frameworks */,
				0618B8491CA1913800A6AE44 /* Resources */,
			);
			buildRules = (
			);
			dependencies = (
				0618B84D1CA1913800A6AE44 /* PBXTargetDependency */,
			);
			name = dolphineTests;
			productName = dolphineTests;
			productReference = 0618B84B1CA1913800A6AE44 /* dolphineTests.xctest */;
			productType = "com.apple.product-type.bundle.unit-test";
		};
		0618B8551CA1913800A6AE44 /* dolphineUITests */ = {
			isa = PBXNativeTarget;
			buildConfigurationList = 0618B8651CA1913800A6AE44 /* Build configuration list for PBXNativeTarget "dolphineUITests" */;
			buildPhases = (
				0618B8521CA1913800A6AE44 /* Sources */,
				0618B8531CA1913800A6AE44 /* Frameworks */,
				0618B8541CA1913800A6AE44 /* Resources */,
			);
			buildRules = (
			);
			dependencies = (
				0618B8581CA1913800A6AE44 /* PBXTargetDependency */,
			);
			name = dolphineUITests;
			productName = dolphineUITests;
			productReference = 0618B8561CA1913800A6AE44 /* dolphineUITests.xctest */;
			productType = "com.apple.product-type.bundle.ui-testing";
		};
/* End PBXNativeTarget section */

/* Begin PBXProject section */
		0618B82F1CA1913700A6AE44 /* Project object */ = {
			isa = PBXProject;
			attributes = {
				LastSwiftUpdateCheck = 0720;
				LastUpgradeCheck = 0720;
				ORGANIZATIONNAME = "KOICHI MURASE";
				TargetAttributes = {
					0618B8361CA1913700A6AE44 = {
						CreatedOnToolsVersion = 7.2.1;
					};
					0618B84A1CA1913800A6AE44 = {
						CreatedOnToolsVersion = 7.2.1;
						TestTargetID = 0618B8361CA1913700A6AE44;
					};
					0618B8551CA1913800A6AE44 = {
						CreatedOnToolsVersion = 7.2.1;
						TestTargetID = 0618B8361CA1913700A6AE44;
					};
				};
			};
			buildConfigurationList = 0618B8321CA1913700A6AE44 /* Build configuration list for PBXProject "dolphine" */;
			compatibilityVersion = "Xcode 3.2";
			developmentRegion = English;
			hasScannedForEncodings = 0;
			knownRegions = (
				en,
				Base,
			);
			mainGroup = 0618B82E1CA1913700A6AE44;
			productRefGroup = 0618B8381CA1913800A6AE44 /* Products */;
			projectDirPath = "";
			projectRoot = "";
			targets = (
				0618B8361CA1913700A6AE44 /* dolphine */,
				0618B84A1CA1913800A6AE44 /* dolphineTests */,
				0618B8551CA1913800A6AE44 /* dolphineUITests */,
			);
		};
/* End PBXProject section */

/* Begin PBXResourcesBuildPhase section */
		0618B8351CA1913700A6AE44 /* Resources */ = {
			isa = PBXResourcesBuildPhase;
			buildActionMask = 2147483647;
			files = (
				0618B8451CA1913800A6AE44 /* LaunchScreen.storyboard in Resources */,
				0618B8421CA1913800A6AE44 /* Assets.xcassets in Resources */,
				0618B8401CA1913800A6AE44 /* Main.storyboard in Resources */,
			);
			runOnlyForDeploymentPostprocessing = 0;
		};
		0618B8491CA1913800A6AE44 /* Resources */ = {
			isa = PBXResourcesBuildPhase;
			buildActionMask = 2147483647;
			files = (
			);
			runOnlyForDeploymentPostprocessing = 0;
		};
		0618B8541CA1913800A6AE44 /* Resources */ = {
			isa = PBXResourcesBuildPhase;
			buildActionMask = 2147483647;
			files = (
			);
			runOnlyForDeploymentPostprocessing = 0;
		};
/* End PBXResourcesBuildPhase section */

/* Begin PBXSourcesBuildPhase section */
		0618B8331CA1913700A6AE44 /* Sources */ = {
			isa = PBXSourcesBuildPhase;
			buildActionMask = 2147483647;
			files = (
				0618B83D1CA1913800A6AE44 /* ViewController.swift in Sources */,
				0618B83B1CA1913800A6AE44 /* AppDelegate.swift in Sources */,
			);
			runOnlyForDeploymentPostprocessing = 0;
		};
		0618B8471CA1913800A6AE44 /* Sources */ = {
			isa = PBXSourcesBuildPhase;
			buildActionMask = 2147483647;
			files = (
				0618B8501CA1913800A6AE44 /* dolphineTests.swift in Sources */,
			);
			runOnlyForDeploymentPostprocessing = 0;
		};
		0618B8521CA1913800A6AE44 /* Sources */ = {
			isa = PBXSourcesBuildPhase;
			buildActionMask = 2147483647;
			files = (
				0618B85B1CA1913800A6AE44 /* dolphineUITests.swift in Sources */,
			);
			runOnlyForDeploymentPostprocessing = 0;
		};
/* End PBXSourcesBuildPhase section */

/* Begin PBXTargetDependency section */
		0618B84D1CA1913800A6AE44 /* PBXTargetDependency */ = {
			isa = PBXTargetDependency;
			target = 0618B8361CA1913700A6AE44 /* dolphine */;
			targetProxy = 0618B84C1CA1913800A6AE44 /* PBXContainerItemProxy */;
		};
		0618B8581CA1913800A6AE44 /* PBXTargetDependency */ = {
			isa = PBXTargetDependency;
			target = 0618B8361CA1913700A6AE44 /* dolphine */;
			targetProxy = 0618B8571CA1913800A6AE44 /* PBXContainerItemProxy */;
		};
/* End PBXTargetDependency section */

/* Begin PBXVariantGroup section */
		0618B83E1CA1913800A6AE44 /* Main.storyboard */ = {
			isa = PBXVariantGroup;
			children = (
				0618B83F1CA1913800A6AE44 /* Base */,
			);
			name = Main.storyboard;
			sourceTree = "<group>";
		};
		0618B8431CA1913800A6AE44 /* LaunchScreen.storyboard */ = {
			isa = PBXVariantGroup;
			children = (
				0618B8441CA1913800A6AE44 /* Base */,
			);
			name = LaunchScreen.storyboard;
			sourceTree = "<group>";
		};
/* End PBXVariantGroup section */

/* Begin XCBuildConfiguration section */
		0618B85D1CA1913800A6AE44 /* Debug */ = {
			isa = XCBuildConfiguration;
			buildSettings = {
				ALWAYS_SEARCH_USER_PATHS = NO;
				CLANG_CXX_LANGUAGE_STANDARD = "gnu++0x";
				CLANG_CXX_LIBRARY = "libc++";
				CLANG_ENABLE_MODULES = YES;
				CLANG_ENABLE_OBJC_ARC = YES;
				CLANG_WARN_BOOL_CONVERSION = YES;
				CLANG_WARN_CONSTANT_CONVERSION = YES;
				CLANG_WARN_DIRECT_OBJC_ISA_USAGE = YES_ERROR;
				CLANG_WARN_EMPTY_BODY = YES;
				CLANG_WARN_ENUM_CONVERSION = YES;
				CLANG_WARN_INT_CONVERSION = YES;
				CLANG_WARN_OBJC_ROOT_CLASS = YES_ERROR;
				CLANG_WARN_UNREACHABLE_CODE = YES;
				CLANG_WARN__DUPLICATE_METHOD_MATCH = YES;
				"CODE_SIGN_IDENTITY[sdk=iphoneos*]" = "iPhone Developer";
				COPY_PHASE_STRIP = NO;
				DEBUG_INFORMATION_FORMAT = dwarf;
				ENABLE_STRICT_OBJC_MSGSEND = YES;
				ENABLE_TESTABILITY = YES;
				GCC_C_LANGUAGE_STANDARD = gnu99;
				GCC_DYNAMIC_NO_PIC = NO;
				GCC_NO_COMMON_BLOCKS = YES;
				GCC_OPTIMIZATION_LEVEL = 0;
				GCC_PREPROCESSOR_DEFINITIONS = (
					"DEBUG=1",
					"$(inherited)",
				);
				GCC_WARN_64_TO_32_BIT_CONVERSION = YES;
				GCC_WARN_ABOUT_RETURN_TYPE = YES_ERROR;
				GCC_WARN_UNDECLARED_SELECTOR = YES;
				GCC_WARN_UNINITIALIZED_AUTOS = YES_AGGRESSIVE;
				GCC_WARN_UNUSED_FUNCTION = YES;
				GCC_WARN_UNUSED_VARIABLE = YES;
				IPHONEOS_DEPLOYMENT_TARGET = 9.2;
				MTL_ENABLE_DEBUG_INFO = YES;
				ONLY_ACTIVE_ARCH = YES;
				SDKROOT = iphoneos;
				SWIFT_OPTIMIZATION_LEVEL = "-Onone";
			};
			name = Debug;
		};
		0618B85E1CA1913800A6AE44 /* Release */ = {
			isa = XCBuildConfiguration;
			buildSettings = {
				ALWAYS_SEARCH_USER_PATHS = NO;
				CLANG_CXX_LANGUAGE_STANDARD = "gnu++0x";
				CLANG_CXX_LIBRARY = "libc++";
				CLANG_ENABLE_MODULES = YES;
				CLANG_ENABLE_OBJC_ARC = YES;
				CLANG_WARN_BOOL_CONVERSION = YES;
				CLANG_WARN_CONSTANT_CONVERSION = YES;
				CLANG_WARN_DIRECT_OBJC_ISA_USAGE = YES_ERROR;
				CLANG_WARN_EMPTY_BODY = YES;
				CLANG_WARN_ENUM_CONVERSION = YES;
				CLANG_WARN_INT_CONVERSION = YES;
				CLANG_WARN_OBJC_ROOT_CLASS = YES_ERROR;
				CLANG_WARN_UNREACHABLE_CODE = YES;
				CLANG_WARN__DUPLICATE_METHOD_MATCH = YES;
				"CODE_SIGN_IDENTITY[sdk=iphoneos*]" = "iPhone Developer";
				COPY_PHASE_STRIP = NO;
				DEBUG_INFORMATION_FORMAT = "dwarf-with-dsym";
				ENABLE_NS_ASSERTIONS = NO;
				ENABLE_STRICT_OBJC_MSGSEND = YES;
				GCC_C_LANGUAGE_STANDARD = gnu99;
				GCC_NO_COMMON_BLOCKS = YES;
				GCC_WARN_64_TO_32_BIT_CONVERSION = YES;
				GCC_WARN_ABOUT_RETURN_TYPE = YES_ERROR;
				GCC_WARN_UNDECLARED_SELECTOR = YES;
				GCC_WARN_UNINITIALIZED_AUTOS = YES_AGGRESSIVE;
				GCC_WARN_UNUSED_FUNCTION = YES;
				GCC_WARN_UNUSED_VARIABLE = YES;
				IPHONEOS_DEPLOYMENT_TARGET = 9.2;
				MTL_ENABLE_DEBUG_INFO = NO;
				SDKROOT = iphoneos;
				VALIDATE_PRODUCT = YES;
			};
			name = Release;
		};
		0618B8601CA1913800A6AE44 /* Debug */ = {
			isa = XCBuildConfiguration;
			buildSettings = {
				ASSETCATALOG_COMPILER_APPICON_NAME = AppIcon;
				INFOPLIST_FILE = dolphine/Info.plist;
				LD_RUNPATH_SEARCH_PATHS = "$(inherited) @executable_path/Frameworks";
				PRODUCT_BUNDLE_IDENTIFIER = "com.KOICHI-MURASE.dolphine";
				PRODUCT_NAME = "$(TARGET_NAME)";
			};
			name = Debug;
		};
		0618B8611CA1913800A6AE44 /* Release */ = {
			isa = XCBuildConfiguration;
			buildSettings = {
				ASSETCATALOG_COMPILER_APPICON_NAME = AppIcon;
				INFOPLIST_FILE = dolphine/Info.plist;
				LD_RUNPATH_SEARCH_PATHS = "$(inherited) @executable_path/Frameworks";
				PRODUCT_BUNDLE_IDENTIFIER = "com.KOICHI-MURASE.dolphine";
				PRODUCT_NAME = "$(TARGET_NAME)";
			};
			name = Release;
		};
		0618B8631CA1913800A6AE44 /* Debug */ = {
			isa = XCBuildConfiguration;
			buildSettings = {
				BUNDLE_LOADER = "$(TEST_HOST)";
				INFOPLIST_FILE = dolphineTests/Info.plist;
				LD_RUNPATH_SEARCH_PATHS = "$(inherited) @executable_path/Frameworks @loader_path/Frameworks";
				PRODUCT_BUNDLE_IDENTIFIER = "com.KOICHI-MURASE.dolphineTests";
				PRODUCT_NAME = "$(TARGET_NAME)";
				TEST_HOST = "$(BUILT_PRODUCTS_DIR)/dolphine.app/dolphine";
			};
			name = Debug;
		};
		0618B8641CA1913800A6AE44 /* Release */ = {
			isa = XCBuildConfiguration;
			buildSettings = {
				BUNDLE_LOADER = "$(TEST_HOST)";
				INFOPLIST_FILE = dolphineTests/Info.plist;
				LD_RUNPATH_SEARCH_PATHS = "$(inherited) @executable_path/Frameworks @loader_path/Frameworks";
				PRODUCT_BUNDLE_IDENTIFIER = "com.KOICHI-MURASE.dolphineTests";
				PRODUCT_NAME = "$(TARGET_NAME)";
				TEST_HOST = "$(BUILT_PRODUCTS_DIR)/dolphine.app/dolphine";
			};
			name = Release;
		};
		0618B8661CA1913800A6AE44 /* Debug */ = {
			isa = XCBuildConfiguration;
			buildSettings = {
				INFOPLIST_FILE = dolphineUITests/Info.plist;
				LD_RUNPATH_SEARCH_PATHS = "$(inherited) @executable_path/Frameworks @loader_path/Frameworks";
				PRODUCT_BUNDLE_IDENTIFIER = "com.KOICHI-MURASE.dolphineUITests";
				PRODUCT_NAME = "$(TARGET_NAME)";
				TEST_TARGET_NAME = dolphine;
				USES_XCTRUNNER = YES;
			};
			name = Debug;
		};
		0618B8671CA1913800A6AE44 /* Release */ = {
			isa = XCBuildConfiguration;
			buildSettings = {
				INFOPLIST_FILE = dolphineUITests/Info.plist;
				LD_RUNPATH_SEARCH_PATHS = "$(inherited) @executable_path/Frameworks @loader_path/Frameworks";
				PRODUCT_BUNDLE_IDENTIFIER = "com.KOICHI-MURASE.dolphineUITests";
				PRODUCT_NAME = "$(TARGET_NAME)";
				TEST_TARGET_NAME = dolphine;
				USES_XCTRUNNER = YES;
			};
			name = Release;
		};
/* End XCBuildConfiguration section */

/* Begin XCConfigurationList section */
		0618B8321CA1913700A6AE44 /* Build configuration list for PBXProject "dolphine" */ = {
			isa = XCConfigurationList;
			buildConfigurations = (
				0618B85D1CA1913800A6AE44 /* Debug */,
				0618B85E1CA1913800A6AE44 /* Release */,
			);
			defaultConfigurationIsVisible = 0;
			defaultConfigurationName = Release;
		};
		0618B85F1CA1913800A6AE44 /* Build configuration list for PBXNativeTarget "dolphine" */ = {
			isa = XCConfigurationList;
			buildConfigurations = (
				0618B8601CA1913800A6AE44 /* Debug */,
				0618B8611CA1913800A6AE44 /* Release */,
			);
			defaultConfigurationIsVisible = 0;
		};
		0618B8621CA1913800A6AE44 /* Build configuration list for PBXNativeTarget "dolphineTests" */ = {
			isa = XCConfigurationList;
			buildConfigurations = (
				0618B8631CA1913800A6AE44 /* Debug */,
				0618B8641CA1913800A6AE44 /* Release */,
			);
			defaultConfigurationIsVisible = 0;
		};
		0618B8651CA1913800A6AE44 /* Build configuration list for PBXNativeTarget "dolphineUITests" */ = {
			isa = XCConfigurationList;
			buildConfigurations = (
				0618B8661CA1913800A6AE44 /* Debug */,
				0618B8671CA1913800A6AE44 /* Release */,
			);
			defaultConfigurationIsVisible = 0;
		};
/* End XCConfigurationList section */
	};
	rootObject = 0618B82F1CA1913700A6AE44 /* Project object */;
}
